
Microsoft Visual Studio Solution File, Format Version 12.00
# Visual Studio Version 17
VisualStudioVersion = 17.4.33213.308
MinimumVisualStudioVersion = 10.0.40219.1
Project("{FAE04EC0-301F-11D3-BF4B-00C04F79EFBC}") = "COMP003A.LectureActivity2", "COMP003A.LectureActivity2\COMP003A.LectureActivity2.csproj", "{D9428664-C5C4-4FDE-9967-7E40A79CB2AD}"
EndProject
Global
	GlobalSection(SolutionConfigurationPlatforms) = preSolution
		Debug|Any CPU = Debug|Any CPU
		Release|Any CPU = Release|Any CPU
	EndGlobalSection
	GlobalSection(ProjectConfigurationPlatforms) = postSolution
		{D9428664-C5C4-4FDE-9967-7E40A79CB2AD}.Debug|Any CPU.ActiveCfg = Debug|Any CPU
		{D9428664-C5C4-4FDE-9967-7E40A79CB2AD}.Debug|Any CPU.Build.0 = Debug|Any CPU
		{D9428664-C5C4-4FDE-9967-7E40A79CB2AD}.Release|Any CPU.ActiveCfg = Release|Any CPU
		{D9428664-C5C4-4FDE-9967-7E40A79CB2AD}.Release|Any CPU.Build.0 = Release|Any CPU
	EndGlobalSection
	GlobalSection(SolutionProperties) = preSolution
		HideSolutionNode = FALSE
	EndGlobalSection
	GlobalSection(ExtensibilityGlobals) = postSolution
		SolutionGuid = {69264DAC-9EFB-4882-BFF3-DDCE4B873D9F}
	EndGlobalSection
EndGlobal
